
Microsoft Visual Studio Solution File, Format Version 12.00
# Visual Studio 15
VisualStudioVersion = 15.0.28307.705
MinimumVisualStudioVersion = 10.0.40219.1
Project("{E24C65DC-7377-472B-9ABA-BC803B73C61A}") = "Game-Informer-Replay-Website", "Game-Informer-Replay-Website\", "{BA144AAA-1644-4CF3-B6AF-675F11BE597D}"
	ProjectSection(WebsiteProperties) = preProject
		TargetFrameworkMoniker = ".NETFramework,Version%3Dv4.6.1"
		Debug.AspNetCompiler.VirtualPath = "/localhost_63201"
		Debug.AspNetCompiler.PhysicalPath = "Game-Informer-Replay-Website\"
		Debug.AspNetCompiler.TargetPath = "PrecompiledWeb\localhost_63201\"
		Debug.AspNetCompiler.Updateable = "true"
		Debug.AspNetCompiler.ForceOverwrite = "true"
		Debug.AspNetCompiler.FixedNames = "false"
		Debug.AspNetCompiler.Debug = "True"
		Release.AspNetCompiler.VirtualPath = "/localhost_63201"
		Release.AspNetCompiler.PhysicalPath = "Game-Informer-Replay-Website\"
		Release.AspNetCompiler.TargetPath = "PrecompiledWeb\localhost_63201\"
		Release.AspNetCompiler.Updateable = "true"
		Release.AspNetCompiler.ForceOverwrite = "true"
		Release.AspNetCompiler.FixedNames = "false"
		Release.AspNetCompiler.Debug = "False"
		VWDPort = "63201"
		SlnRelativePath = "Game-Informer-Replay-Website\"
		DefaultWebSiteLanguage = "Visual C#"
	EndProjectSection
EndProject
Global
	GlobalSection(SolutionConfigurationPlatforms) = preSolution
		Debug|Any CPU = Debug|Any CPU
	EndGlobalSection
	GlobalSection(ProjectConfigurationPlatforms) = postSolution
		{BA144AAA-1644-4CF3-B6AF-675F11BE597D}.Debug|Any CPU.ActiveCfg = Debug|Any CPU
		{BA144AAA-1644-4CF3-B6AF-675F11BE597D}.Debug|Any CPU.Build.0 = Debug|Any CPU
	EndGlobalSection
	GlobalSection(SolutionProperties) = preSolution
		HideSolutionNode = FALSE
	EndGlobalSection
	GlobalSection(ExtensibilityGlobals) = postSolution
		SolutionGuid = {06A14A4F-A31C-4CA3-ABC9-A0AF2244C552}
	EndGlobalSection
EndGlobal
